// !$*UTF8*$!
{
	archiveVersion = 1;
	classes = {
	};
	objectVersion = 77;
	objects = {

/* Begin PBXBuildFile section */
		00721BA531D903B78A3582A7 /* Persistence.swift in Sources */ = {isa = PBXBuildFile; fileRef = 2CCFED7E3CEC873724BCA51D /* Persistence.swift */; };
		0B611D4F1776B43B4CE36B5C /* SectionEditor.swift in Sources */ = {isa = PBXBuildFile; fileRef = F36B4BFBA238A81CBCCF5174 /* SectionEditor.swift */; };
		134DDA5C01E4AAEA4D7EC835 /* TerminalManager.swift in Sources */ = {isa = PBXBuildFile; fileRef = F4399F7E33B74D8860D0EEDA /* TerminalManager.swift */; };
		207C692E80710428C5318E6B /* RepoSidebarView.swift in Sources */ = {isa = PBXBuildFile; fileRef = D7DBE7DB259BC8D3612E88D7 /* RepoSidebarView.swift */; };
		249C1E6927D2B9CEF6813A56 /* MCPServer.swift in Sources */ = {isa = PBXBuildFile; fileRef = 3956DF562D88FB5F2DB78FC0 /* MCPServer.swift */; };
		2A2AF656DE9A9967FD711A2A /* Theme.swift in Sources */ = {isa = PBXBuildFile; fileRef = 636E45B2BF07B7864B35E7D7 /* Theme.swift */; };
		31CF5C6128BF3E0A2C4FE32A /* CanvasInputHandler.swift in Sources */ = {isa = PBXBuildFile; fileRef = 8975E56DA2F1DA70766E633C /* CanvasInputHandler.swift */; };
		326C77A2A25CC6040182E319 /* CanvasView.swift in Sources */ = {isa = PBXBuildFile; fileRef = 27D4A12EEDA1B0D649AF0F2B /* CanvasView.swift */; };
		35552AA3C3825F2050CBCEB2 /* MCPToolHandlers.swift in Sources */ = {isa = PBXBuildFile; fileRef = A3A160A30691CEF3A14B5074 /* MCPToolHandlers.swift */; };
		37C5FB8E85289071F0E2FAAB /* SectionLayout.swift in Sources */ = {isa = PBXBuildFile; fileRef = 12249E11B9FCE569380A1B5E /* SectionLayout.swift */; };
		390A4CD0ACA777C3A7205ADF /* EdgeTessellator.swift in Sources */ = {isa = PBXBuildFile; fileRef = 02201F0C75A17562D48C27AB /* EdgeTessellator.swift */; };
		3E50581F156D10FD5BF31FC5 /* MinimapToggleButton.swift in Sources */ = {isa = PBXBuildFile; fileRef = 6DB0304D134BD660BAE954FA /* MinimapToggleButton.swift */; };
		4C8709DE55D951E3B1DDA0A9 /* Assets.xcassets in Resources */ = {isa = PBXBuildFile; fileRef = D87F8A583A9EB1C5FD4461E4 /* Assets.xcassets */; };
		5CEEEFBDD7CADE7AB369CFC0 /* RoleInjector.swift in Sources */ = {isa = PBXBuildFile; fileRef = 1522F6957B93725AE97A8077 /* RoleInjector.swift */; };
		5D57A443646FF8535D3E13EB /* CanvasNode.swift in Sources */ = {isa = PBXBuildFile; fileRef = 4392787B24142856160FC11E /* CanvasNode.swift */; };
		6287387E3489E937477D1901 /* TerminalSession.swift in Sources */ = {isa = PBXBuildFile; fileRef = 88D413E0D0A7B412073F18F4 /* TerminalSession.swift */; };
		74457D2DE366B73DC7A15C7B /* RepoStore.swift in Sources */ = {isa = PBXBuildFile; fileRef = E53F1D0451E9B5EFF0BA15B1 /* RepoStore.swift */; };
		75BCAF9654263365D4DC10BD /* SwiftTerm in Frameworks */ = {isa = PBXBuildFile; productRef = 731627EE2D7DF61DFD02ADDE /* SwiftTerm */; };
		7C3F4526734E5D2CD133071B /* AgentDefinition.swift in Sources */ = {isa = PBXBuildFile; fileRef = 23CFDE6700E81D5C6B4455E4 /* AgentDefinition.swift */; };
		819598C5ABB6655AF40AC8B0 /* XyzterminalApp.swift in Sources */ = {isa = PBXBuildFile; fileRef = 93E3027195DC0BEA489C7CB5 /* XyzterminalApp.swift */; };
		837A40514EB2A637A85E5CA8 /* Shaders.metal in Sources */ = {isa = PBXBuildFile; fileRef = 86480A7DA3F880A425807B62 /* Shaders.metal */; };
		9F8D46073423448C83E1E607 /* HitTesting.swift in Sources */ = {isa = PBXBuildFile; fileRef = A2990C82DE979C658F6784C8 /* HitTesting.swift */; };
		A0704DDAC8179424C0DE843B /* Camera.swift in Sources */ = {isa = PBXBuildFile; fileRef = 679746EFA6FAB416D96E464A /* Camera.swift */; };
		A3455D89900DB1F82FB8C4F3 /* NodeLabelOverlay.swift in Sources */ = {isa = PBXBuildFile; fileRef = F31288F66C2AA3D52A531EB5 /* NodeLabelOverlay.swift */; };
		AA60AB3840A613C94DB1071D /* CanvasDocument.swift in Sources */ = {isa = PBXBuildFile; fileRef = D14D7FB38C4353BA4DFE0F6D /* CanvasDocument.swift */; };
		AA740045B2164B17892E9D50 /* EdgeActionOverlay.swift in Sources */ = {isa = PBXBuildFile; fileRef = A7DC40DC59C77CEDD0917FEC /* EdgeActionOverlay.swift */; };
		B104974741D566AF819C2D5E /* WorkflowEngine.swift in Sources */ = {isa = PBXBuildFile; fileRef = F9689E33AFEE24585170DB04 /* WorkflowEngine.swift */; };
		B4D8CFC8DB2B1A4211DA1C80 /* Worktree.swift in Sources */ = {isa = PBXBuildFile; fileRef = 50E1EC637C98D51034186555 /* Worktree.swift */; };
		C377F10C1AAF268D031C7FE5 /* CanvasRenderer.swift in Sources */ = {isa = PBXBuildFile; fileRef = 353ACE31292C9B8FC443FA0D /* CanvasRenderer.swift */; };
		C4EB1CFBAA6D3556A2ED14EE /* WiringAction.swift in Sources */ = {isa = PBXBuildFile; fileRef = 10C8A8096FCB0BC174039925 /* WiringAction.swift */; };
		CD9D32DD5990399A0B439235 /* AgentProfile.swift in Sources */ = {isa = PBXBuildFile; fileRef = 3E9C9B62C0A82E76AD43A88F /* AgentProfile.swift */; };
		D3774A137E5C81B828300A63 /* main.swift in Sources */ = {isa = PBXBuildFile; fileRef = DB265D25F3219E4571B8447D /* main.swift */; };
		D9CD10B272B2D65840E28715 /* MCPBridge.swift in Sources */ = {isa = PBXBuildFile; fileRef = 9FF84D81271A763FDDA3815A /* MCPBridge.swift */; };
		DBE8CD8B5B15EB8037813D8F /* TaskCardEditor.swift in Sources */ = {isa = PBXBuildFile; fileRef = 308AC1AB8007C402A2F0A3B1 /* TaskCardEditor.swift */; };
		EBFC9E9C1BA014DA22FA01C4 /* TerminalConfigSheet.swift in Sources */ = {isa = PBXBuildFile; fileRef = 4C69E6FCFD7948F8532745AC /* TerminalConfigSheet.swift */; };
		EEA5CB94D64EE82CAA321F1C /* WorktreeManager.swift in Sources */ = {isa = PBXBuildFile; fileRef = 51FB01DA723BBB40D3DC9DEF /* WorktreeManager.swift */; };
/* End PBXBuildFile section */

/* Begin PBXFileReference section */
		02201F0C75A17562D48C27AB /* EdgeTessellator.swift */ = {isa = PBXFileReference; lastKnownFileType = sourcecode.swift; path = EdgeTessellator.swift; sourceTree = "<group>"; };
		10C8A8096FCB0BC174039925 /* WiringAction.swift */ = {isa = PBXFileReference; lastKnownFileType = sourcecode.swift; path = WiringAction.swift; sourceTree = "<group>"; };
		12249E11B9FCE569380A1B5E /* SectionLayout.swift */ = {isa = PBXFileReference; lastKnownFileType = sourcecode.swift; path = SectionLayout.swift; sourceTree = "<group>"; };
		1522F6957B93725AE97A8077 /* RoleInjector.swift */ = {isa = PBXFileReference; lastKnownFileType = sourcecode.swift; path = RoleInjector.swift; sourceTree = "<group>"; };
		1E01E2B498EEB596A16D650F /* Info.plist */ = {isa = PBXFileReference; lastKnownFileType = text.plist; path = Info.plist; sourceTree = "<group>"; };
		23CFDE6700E81D5C6B4455E4 /* AgentDefinition.swift */ = {isa = PBXFileReference; lastKnownFileType = sourcecode.swift; path = AgentDefinition.swift; sourceTree = "<group>"; };
		27D4A12EEDA1B0D649AF0F2B /* CanvasView.swift */ = {isa = PBXFileReference; lastKnownFileType = sourcecode.swift; path = CanvasView.swift; sourceTree = "<group>"; };
		2CCFED7E3CEC873724BCA51D /* Persistence.swift */ = {isa = PBXFileReference; lastKnownFileType = sourcecode.swift; path = Persistence.swift; sourceTree = "<group>"; };
		308AC1AB8007C402A2F0A3B1 /* TaskCardEditor.swift */ = {isa = PBXFileReference; lastKnownFileType = sourcecode.swift; path = TaskCardEditor.swift; sourceTree = "<group>"; };
		353ACE31292C9B8FC443FA0D /* CanvasRenderer.swift */ = {isa = PBXFileReference; lastKnownFileType = sourcecode.swift; path = CanvasRenderer.swift; sourceTree = "<group>"; };
		3956DF562D88FB5F2DB78FC0 /* MCPServer.swift */ = {isa = PBXFileReference; lastKnownFileType = sourcecode.swift; path = MCPServer.swift; sourceTree = "<group>"; };
		3E9C9B62C0A82E76AD43A88F /* AgentProfile.swift */ = {isa = PBXFileReference; lastKnownFileType = sourcecode.swift; path = AgentProfile.swift; sourceTree = "<group>"; };
		4392787B24142856160FC11E /* CanvasNode.swift */ = {isa = PBXFileReference; lastKnownFileType = sourcecode.swift; path = CanvasNode.swift; sourceTree = "<group>"; };
		4C69E6FCFD7948F8532745AC /* TerminalConfigSheet.swift */ = {isa = PBXFileReference; lastKnownFileType = sourcecode.swift; path = TerminalConfigSheet.swift; sourceTree = "<group>"; };
		50E1EC637C98D51034186555 /* Worktree.swift */ = {isa = PBXFileReference; lastKnownFileType = sourcecode.swift; path = Worktree.swift; sourceTree = "<group>"; };
		51FB01DA723BBB40D3DC9DEF /* WorktreeManager.swift */ = {isa = PBXFileReference; lastKnownFileType = sourcecode.swift; path = WorktreeManager.swift; sourceTree = "<group>"; };
		636E45B2BF07B7864B35E7D7 /* Theme.swift */ = {isa = PBXFileReference; lastKnownFileType = sourcecode.swift; path = Theme.swift; sourceTree = "<group>"; };
		659DDF23C27DB244C74B8FB1 /* Xyzterminal.app */ = {isa = PBXFileReference; explicitFileType = wrapper.application; includeInIndex = 0; path = Xyzterminal.app; sourceTree = BUILT_PRODUCTS_DIR; };
		679746EFA6FAB416D96E464A /* Camera.swift */ = {isa = PBXFileReference; lastKnownFileType = sourcecode.swift; path = Camera.swift; sourceTree = "<group>"; };
		6DB0304D134BD660BAE954FA /* MinimapToggleButton.swift */ = {isa = PBXFileReference; lastKnownFileType = sourcecode.swift; path = MinimapToggleButton.swift; sourceTree = "<group>"; };
		86480A7DA3F880A425807B62 /* Shaders.metal */ = {isa = PBXFileReference; lastKnownFileType = sourcecode.metal; path = Shaders.metal; sourceTree = "<group>"; };
		88D413E0D0A7B412073F18F4 /* TerminalSession.swift */ = {isa = PBXFileReference; lastKnownFileType = sourcecode.swift; path = TerminalSession.swift; sourceTree = "<group>"; };
		8975E56DA2F1DA70766E633C /* CanvasInputHandler.swift */ = {isa = PBXFileReference; lastKnownFileType = sourcecode.swift; path = CanvasInputHandler.swift; sourceTree = "<group>"; };
		93E3027195DC0BEA489C7CB5 /* XyzterminalApp.swift */ = {isa = PBXFileReference; lastKnownFileType = sourcecode.swift; path = XyzterminalApp.swift; sourceTree = "<group>"; };
		9FF84D81271A763FDDA3815A /* MCPBridge.swift */ = {isa = PBXFileReference; lastKnownFileType = sourcecode.swift; path = MCPBridge.swift; sourceTree = "<group>"; };
		A2990C82DE979C658F6784C8 /* HitTesting.swift */ = {isa = PBXFileReference; lastKnownFileType = sourcecode.swift; path = HitTesting.swift; sourceTree = "<group>"; };
		A3A160A30691CEF3A14B5074 /* MCPToolHandlers.swift */ = {isa = PBXFileReference; lastKnownFileType = sourcecode.swift; path = MCPToolHandlers.swift; sourceTree = "<group>"; };
		A7DC40DC59C77CEDD0917FEC /* EdgeActionOverlay.swift */ = {isa = PBXFileReference; lastKnownFileType = sourcecode.swift; path = EdgeActionOverlay.swift; sourceTree = "<group>"; };
		ACBBCA8344A5D6C7560450FC /* Xyzterminal-Bridging-Header.h */ = {isa = PBXFileReference; lastKnownFileType = sourcecode.c.h; path = "Xyzterminal-Bridging-Header.h"; sourceTree = "<group>"; };
		D14D7FB38C4353BA4DFE0F6D /* CanvasDocument.swift */ = {isa = PBXFileReference; lastKnownFileType = sourcecode.swift; path = CanvasDocument.swift; sourceTree = "<group>"; };
		D7DBE7DB259BC8D3612E88D7 /* RepoSidebarView.swift */ = {isa = PBXFileReference; lastKnownFileType = sourcecode.swift; path = RepoSidebarView.swift; sourceTree = "<group>"; };
		D87F8A583A9EB1C5FD4461E4 /* Assets.xcassets */ = {isa = PBXFileReference; lastKnownFileType = folder.assetcatalog; path = Assets.xcassets; sourceTree = "<group>"; };
		DB265D25F3219E4571B8447D /* main.swift */ = {isa = PBXFileReference; lastKnownFileType = sourcecode.swift; path = main.swift; sourceTree = "<group>"; };
		DE2C911F2D94AFB2D79B4566 /* ShaderTypes.h */ = {isa = PBXFileReference; lastKnownFileType = sourcecode.c.h; path = ShaderTypes.h; sourceTree = "<group>"; };
		E53F1D0451E9B5EFF0BA15B1 /* RepoStore.swift */ = {isa = PBXFileReference; lastKnownFileType = sourcecode.swift; path = RepoStore.swift; sourceTree = "<group>"; };
		E7106615CDC2B36FE1BE6436 /* Xyzterminal.entitlements */ = {isa = PBXFileReference; lastKnownFileType = text.plist.entitlements; path = Xyzterminal.entitlements; sourceTree = "<group>"; };
		F31288F66C2AA3D52A531EB5 /* NodeLabelOverlay.swift */ = {isa = PBXFileReference; lastKnownFileType = sourcecode.swift; path = NodeLabelOverlay.swift; sourceTree = "<group>"; };
		F36B4BFBA238A81CBCCF5174 /* SectionEditor.swift */ = {isa = PBXFileReference; lastKnownFileType = sourcecode.swift; path = SectionEditor.swift; sourceTree = "<group>"; };
		F4399F7E33B74D8860D0EEDA /* TerminalManager.swift */ = {isa = PBXFileReference; lastKnownFileType = sourcecode.swift; path = TerminalManager.swift; sourceTree = "<group>"; };
		F9689E33AFEE24585170DB04 /* WorkflowEngine.swift */ = {isa = PBXFileReference; lastKnownFileType = sourcecode.swift; path = WorkflowEngine.swift; sourceTree = "<group>"; };
/* End PBXFileReference section */

/* Begin PBXFrameworksBuildPhase section */
		774564862CA51A5C7453765E /* Frameworks */ = {
			isa = PBXFrameworksBuildPhase;
			buildActionMask = 2147483647;
			files = (
				75BCAF9654263365D4DC10BD /* SwiftTerm in Frameworks */,
			);
			runOnlyForDeploymentPostprocessing = 0;
		};
/* End PBXFrameworksBuildPhase section */

/* Begin PBXGroup section */
		0106F5378E1D818D5EDA9603 = {
			isa = PBXGroup;
			children = (
				F75F8C08D2A493EBC32FFCAE /* Xyzterminal */,
				1F85A1D154355F24761A7769 /* Products */,
			);
			sourceTree = "<group>";
		};
		011495FBCC7C652430732943 /* Worktree */ = {
			isa = PBXGroup;
			children = (
				50E1EC637C98D51034186555 /* Worktree.swift */,
				51FB01DA723BBB40D3DC9DEF /* WorktreeManager.swift */,
			);
			path = Worktree;
			sourceTree = "<group>";
		};
		165E836E2B932CAD9FF737F3 /* MCP */ = {
			isa = PBXGroup;
			children = (
				9FF84D81271A763FDDA3815A /* MCPBridge.swift */,
				3956DF562D88FB5F2DB78FC0 /* MCPServer.swift */,
				A3A160A30691CEF3A14B5074 /* MCPToolHandlers.swift */,
			);
			path = MCP;
			sourceTree = "<group>";
		};
		1F85A1D154355F24761A7769 /* Products */ = {
			isa = PBXGroup;
			children = (
				659DDF23C27DB244C74B8FB1 /* Xyzterminal.app */,
			);
			name = Products;
			sourceTree = "<group>";
		};
		50B2AC34A1788A28A10AF7EA /* Terminal */ = {
			isa = PBXGroup;
			children = (
				F4399F7E33B74D8860D0EEDA /* TerminalManager.swift */,
				88D413E0D0A7B412073F18F4 /* TerminalSession.swift */,
			);
			path = Terminal;
			sourceTree = "<group>";
		};
		68208F0CDF51B5D3A3EB34E2 /* Model */ = {
			isa = PBXGroup;
			children = (
				D14D7FB38C4353BA4DFE0F6D /* CanvasDocument.swift */,
				4392787B24142856160FC11E /* CanvasNode.swift */,
				2CCFED7E3CEC873724BCA51D /* Persistence.swift */,
				E53F1D0451E9B5EFF0BA15B1 /* RepoStore.swift */,
			);
			path = Model;
			sourceTree = "<group>";
		};
		895D5CB1B51A871898331159 /* Sidebar */ = {
			isa = PBXGroup;
			children = (
				D7DBE7DB259BC8D3612E88D7 /* RepoSidebarView.swift */,
			);
			path = Sidebar;
			sourceTree = "<group>";
		};
		CA5334DCA4B6115B51826C72 /* Wiring */ = {
			isa = PBXGroup;
			children = (
				10C8A8096FCB0BC174039925 /* WiringAction.swift */,
				F9689E33AFEE24585170DB04 /* WorkflowEngine.swift */,
			);
			path = Wiring;
			sourceTree = "<group>";
		};
		DA92D0C59887E4370AC0D9B7 /* Agent */ = {
			isa = PBXGroup;
			children = (
				23CFDE6700E81D5C6B4455E4 /* AgentDefinition.swift */,
				3E9C9B62C0A82E76AD43A88F /* AgentProfile.swift */,
				1522F6957B93725AE97A8077 /* RoleInjector.swift */,
			);
			path = Agent;
			sourceTree = "<group>";
		};
		E320CDCE60DEF61468B5C061 /* Canvas */ = {
			isa = PBXGroup;
			children = (
				679746EFA6FAB416D96E464A /* Camera.swift */,
				8975E56DA2F1DA70766E633C /* CanvasInputHandler.swift */,
				353ACE31292C9B8FC443FA0D /* CanvasRenderer.swift */,
				27D4A12EEDA1B0D649AF0F2B /* CanvasView.swift */,
				A7DC40DC59C77CEDD0917FEC /* EdgeActionOverlay.swift */,
				02201F0C75A17562D48C27AB /* EdgeTessellator.swift */,
				A2990C82DE979C658F6784C8 /* HitTesting.swift */,
				6DB0304D134BD660BAE954FA /* MinimapToggleButton.swift */,
				F31288F66C2AA3D52A531EB5 /* NodeLabelOverlay.swift */,
				F36B4BFBA238A81CBCCF5174 /* SectionEditor.swift */,
				86480A7DA3F880A425807B62 /* Shaders.metal */,
				DE2C911F2D94AFB2D79B4566 /* ShaderTypes.h */,
				308AC1AB8007C402A2F0A3B1 /* TaskCardEditor.swift */,
				4C69E6FCFD7948F8532745AC /* TerminalConfigSheet.swift */,
			);
			path = Canvas;
			sourceTree = "<group>";
		};
		F75F8C08D2A493EBC32FFCAE /* Xyzterminal */ = {
			isa = PBXGroup;
			children = (
				D87F8A583A9EB1C5FD4461E4 /* Assets.xcassets */,
				1E01E2B498EEB596A16D650F /* Info.plist */,
				DB265D25F3219E4571B8447D /* main.swift */,
				12249E11B9FCE569380A1B5E /* SectionLayout.swift */,
				636E45B2BF07B7864B35E7D7 /* Theme.swift */,
				ACBBCA8344A5D6C7560450FC /* Xyzterminal-Bridging-Header.h */,
				E7106615CDC2B36FE1BE6436 /* Xyzterminal.entitlements */,
				93E3027195DC0BEA489C7CB5 /* XyzterminalApp.swift */,
				DA92D0C59887E4370AC0D9B7 /* Agent */,
				E320CDCE60DEF61468B5C061 /* Canvas */,
				165E836E2B932CAD9FF737F3 /* MCP */,
				68208F0CDF51B5D3A3EB34E2 /* Model */,
				895D5CB1B51A871898331159 /* Sidebar */,
				50B2AC34A1788A28A10AF7EA /* Terminal */,
				CA5334DCA4B6115B51826C72 /* Wiring */,
				011495FBCC7C652430732943 /* Worktree */,
			);
			path = Xyzterminal;
			sourceTree = "<group>";
		};
/* End PBXGroup section */

/* Begin PBXNativeTarget section */
		2BF150D7FE856660114727E6 /* Xyzterminal */ = {
			isa = PBXNativeTarget;
			buildConfigurationList = 776BE271F72213BF2169B31B /* Build configuration list for PBXNativeTarget "Xyzterminal" */;
			buildPhases = (
				9D78308A5E61B9FB4A558855 /* Sources */,
				8B15CE7968990B62F6D5157D /* Resources */,
				774564862CA51A5C7453765E /* Frameworks */,
			);
			buildRules = (
			);
			dependencies = (
			);
			name = Xyzterminal;
			packageProductDependencies = (
				731627EE2D7DF61DFD02ADDE /* SwiftTerm */,
			);
			productName = Xyzterminal;
			productReference = 659DDF23C27DB244C74B8FB1 /* Xyzterminal.app */;
			productType = "com.apple.product-type.application";
		};
/* End PBXNativeTarget section */

/* Begin PBXProject section */
		BDC44AF5F666DF39E725C2B2 /* Project object */ = {
			isa = PBXProject;
			attributes = {
				BuildIndependentTargetsInParallel = YES;
				LastUpgradeCheck = 1430;
				TargetAttributes = {
				};
			};
			buildConfigurationList = 6C1B22CC8F0647C0C40868E7 /* Build configuration list for PBXProject "Xyzterminal" */;
			developmentRegion = en;
			hasScannedForEncodings = 0;
			knownRegions = (
				Base,
				en,
			);
			mainGroup = 0106F5378E1D818D5EDA9603;
			minimizedProjectReferenceProxies = 1;
			packageReferences = (
				2CBDD41CF71F5A2E8B2F48D0 /* XCRemoteSwiftPackageReference "SwiftTerm" */,
			);
			preferredProjectObjectVersion = 77;
			productRefGroup = 1F85A1D154355F24761A7769 /* Products */;
			projectDirPath = "";
			projectRoot = "";
			targets = (
				2BF150D7FE856660114727E6 /* Xyzterminal */,
			);
		};
/* End PBXProject section */

/* Begin PBXResourcesBuildPhase section */
		8B15CE7968990B62F6D5157D /* Resources */ = {
			isa = PBXResourcesBuildPhase;
			buildActionMask = 2147483647;
			files = (
				4C8709DE55D951E3B1DDA0A9 /* Assets.xcassets in Resources */,
			);
			runOnlyForDeploymentPostprocessing = 0;
		};
/* End PBXResourcesBuildPhase section */

/* Begin PBXSourcesBuildPhase section */
		9D78308A5E61B9FB4A558855 /* Sources */ = {
			isa = PBXSourcesBuildPhase;
			buildActionMask = 2147483647;
			files = (
				7C3F4526734E5D2CD133071B /* AgentDefinition.swift in Sources */,
				CD9D32DD5990399A0B439235 /* AgentProfile.swift in Sources */,
				A0704DDAC8179424C0DE843B /* Camera.swift in Sources */,
				AA60AB3840A613C94DB1071D /* CanvasDocument.swift in Sources */,
				31CF5C6128BF3E0A2C4FE32A /* CanvasInputHandler.swift in Sources */,
				5D57A443646FF8535D3E13EB /* CanvasNode.swift in Sources */,
				C377F10C1AAF268D031C7FE5 /* CanvasRenderer.swift in Sources */,
				326C77A2A25CC6040182E319 /* CanvasView.swift in Sources */,
				AA740045B2164B17892E9D50 /* EdgeActionOverlay.swift in Sources */,
				390A4CD0ACA777C3A7205ADF /* EdgeTessellator.swift in Sources */,
				9F8D46073423448C83E1E607 /* HitTesting.swift in Sources */,
				D9CD10B272B2D65840E28715 /* MCPBridge.swift in Sources */,
				249C1E6927D2B9CEF6813A56 /* MCPServer.swift in Sources */,
				35552AA3C3825F2050CBCEB2 /* MCPToolHandlers.swift in Sources */,
				3E50581F156D10FD5BF31FC5 /* MinimapToggleButton.swift in Sources */,
				A3455D89900DB1F82FB8C4F3 /* NodeLabelOverlay.swift in Sources */,
				00721BA531D903B78A3582A7 /* Persistence.swift in Sources */,
				207C692E80710428C5318E6B /* RepoSidebarView.swift in Sources */,
				74457D2DE366B73DC7A15C7B /* RepoStore.swift in Sources */,
				5CEEEFBDD7CADE7AB369CFC0 /* RoleInjector.swift in Sources */,
				0B611D4F1776B43B4CE36B5C /* SectionEditor.swift in Sources */,
				37C5FB8E85289071F0E2FAAB /* SectionLayout.swift in Sources */,
				837A40514EB2A637A85E5CA8 /* Shaders.metal in Sources */,
				DBE8CD8B5B15EB8037813D8F /* TaskCardEditor.swift in Sources */,
				EBFC9E9C1BA014DA22FA01C4 /* TerminalConfigSheet.swift in Sources */,
				134DDA5C01E4AAEA4D7EC835 /* TerminalManager.swift in Sources */,
				6287387E3489E937477D1901 /* TerminalSession.swift in Sources */,
				2A2AF656DE9A9967FD711A2A /* Theme.swift in Sources */,
				C4EB1CFBAA6D3556A2ED14EE /* WiringAction.swift in Sources */,
				B104974741D566AF819C2D5E /* WorkflowEngine.swift in Sources */,
				B4D8CFC8DB2B1A4211DA1C80 /* Worktree.swift in Sources */,
				EEA5CB94D64EE82CAA321F1C /* WorktreeManager.swift in Sources */,
				819598C5ABB6655AF40AC8B0 /* XyzterminalApp.swift in Sources */,
				D3774A137E5C81B828300A63 /* main.swift in Sources */,
			);
			runOnlyForDeploymentPostprocessing = 0;
		};
/* End PBXSourcesBuildPhase section */

/* Begin XCBuildConfiguration section */
		C572F7B38AB7601E006ECB04 /* Release */ = {
			isa = XCBuildConfiguration;
			buildSettings = {
				ASSETCATALOG_COMPILER_APPICON_NAME = AppIcon;
				CODE_SIGN_ENTITLEMENTS = Xyzterminal/Xyzterminal.entitlements;
				CODE_SIGN_IDENTITY = "-";
				COMBINE_HIDPI_IMAGES = YES;
				ENABLE_APP_SANDBOX = NO;
				ENABLE_HARDENED_RUNTIME = NO;
				INFOPLIST_FILE = Xyzterminal/Info.plist;
				LD_RUNPATH_SEARCH_PATHS = (
					"$(inherited)",
					"@executable_path/../Frameworks",
				);
				PRODUCT_BUNDLE_IDENTIFIER = com.xyzterminal.app;
				SDKROOT = macosx;
				SWIFT_OBJC_BRIDGING_HEADER = "Xyzterminal/Xyzterminal-Bridging-Header.h";
			};
			name = Release;
		};
		E8ECCD84D884B7C8EA4BB935 /* Release */ = {
			isa = XCBuildConfiguration;
			buildSettings = {
				ALWAYS_SEARCH_USER_PATHS = NO;
				CLANG_ANALYZER_NONNULL = YES;
				CLANG_ANALYZER_NUMBER_OBJECT_CONVERSION = YES_AGGRESSIVE;
				CLANG_CXX_LANGUAGE_STANDARD = "gnu++14";
				CLANG_CXX_LIBRARY = "libc++";
				CLANG_ENABLE_MODULES = YES;
				CLANG_ENABLE_OBJC_ARC = YES;
				CLANG_ENABLE_OBJC_WEAK = YES;
				CLANG_WARN_BLOCK_CAPTURE_AUTORELEASING = YES;
				CLANG_WARN_BOOL_CONVERSION = YES;
				CLANG_WARN_COMMA = YES;
				CLANG_WARN_CONSTANT_CONVERSION = YES;
				CLANG_WARN_DEPRECATED_OBJC_IMPLEMENTATIONS = YES;
				CLANG_WARN_DIRECT_OBJC_ISA_USAGE = YES_ERROR;
				CLANG_WARN_DOCUMENTATION_COMMENTS = YES;
				CLANG_WARN_EMPTY_BODY = YES;
				CLANG_WARN_ENUM_CONVERSION = YES;
				CLANG_WARN_INFINITE_RECURSION = YES;
				CLANG_WARN_INT_CONVERSION = YES;
				CLANG_WARN_NON_LITERAL_NULL_CONVERSION = YES;
				CLANG_WARN_OBJC_IMPLICIT_RETAIN_SELF = YES;
				CLANG_WARN_OBJC_LITERAL_CONVERSION = YES;
				CLANG_WARN_OBJC_ROOT_CLASS = YES_ERROR;
				CLANG_WARN_QUOTED_INCLUDE_IN_FRAMEWORK_HEADER = YES;
				CLANG_WARN_RANGE_LOOP_ANALYSIS = YES;
				CLANG_WARN_STRICT_PROTOTYPES = YES;
				CLANG_WARN_SUSPICIOUS_MOVE = YES;
				CLANG_WARN_UNGUARDED_AVAILABILITY = YES_AGGRESSIVE;
				CLANG_WARN_UNREACHABLE_CODE = YES;
				CLANG_WARN__DUPLICATE_METHOD_MATCH = YES;
				COPY_PHASE_STRIP = NO;
				DEBUG_INFORMATION_FORMAT = "dwarf-with-dsym";
				ENABLE_NS_ASSERTIONS = NO;
				ENABLE_STRICT_OBJC_MSGSEND = YES;
				GCC_C_LANGUAGE_STANDARD = gnu11;
				GCC_NO_COMMON_BLOCKS = YES;
				GCC_WARN_64_TO_32_BIT_CONVERSION = YES;
				GCC_WARN_ABOUT_RETURN_TYPE = YES_ERROR;
				GCC_WARN_UNDECLARED_SELECTOR = YES;
				GCC_WARN_UNINITIALIZED_AUTOS = YES_AGGRESSIVE;
				GCC_WARN_UNUSED_FUNCTION = YES;
				GCC_WARN_UNUSED_VARIABLE = YES;
				MACOSX_DEPLOYMENT_TARGET = 15.0;
				MTL_ENABLE_DEBUG_INFO = NO;
				MTL_FAST_MATH = YES;
				PRODUCT_NAME = "$(TARGET_NAME)";
				SDKROOT = macosx;
				SWIFT_COMPILATION_MODE = wholemodule;
				SWIFT_OPTIMIZATION_LEVEL = "-O";
				SWIFT_VERSION = 5;
			};
			name = Release;
		};
		EE29BF33302BB9978C73F919 /* Debug */ = {
			isa = XCBuildConfiguration;
			buildSettings = {
				ALWAYS_SEARCH_USER_PATHS = NO;
				CLANG_ANALYZER_NONNULL = YES;
				CLANG_ANALYZER_NUMBER_OBJECT_CONVERSION = YES_AGGRESSIVE;
				CLANG_CXX_LANGUAGE_STANDARD = "gnu++14";
				CLANG_CXX_LIBRARY = "libc++";
				CLANG_ENABLE_MODULES = YES;
				CLANG_ENABLE_OBJC_ARC = YES;
				CLANG_ENABLE_OBJC_WEAK = YES;
				CLANG_WARN_BLOCK_CAPTURE_AUTORELEASING = YES;
				CLANG_WARN_BOOL_CONVERSION = YES;
				CLANG_WARN_COMMA = YES;
				CLANG_WARN_CONSTANT_CONVERSION = YES;
				CLANG_WARN_DEPRECATED_OBJC_IMPLEMENTATIONS = YES;
				CLANG_WARN_DIRECT_OBJC_ISA_USAGE = YES_ERROR;
				CLANG_WARN_DOCUMENTATION_COMMENTS = YES;
				CLANG_WARN_EMPTY_BODY = YES;
				CLANG_WARN_ENUM_CONVERSION = YES;
				CLANG_WARN_INFINITE_RECURSION = YES;
				CLANG_WARN_INT_CONVERSION = YES;
				CLANG_WARN_NON_LITERAL_NULL_CONVERSION = YES;
				CLANG_WARN_OBJC_IMPLICIT_RETAIN_SELF = YES;
				CLANG_WARN_OBJC_LITERAL_CONVERSION = YES;
				CLANG_WARN_OBJC_ROOT_CLASS = YES_ERROR;
				CLANG_WARN_QUOTED_INCLUDE_IN_FRAMEWORK_HEADER = YES;
				CLANG_WARN_RANGE_LOOP_ANALYSIS = YES;
				CLANG_WARN_STRICT_PROTOTYPES = YES;
				CLANG_WARN_SUSPICIOUS_MOVE = YES;
				CLANG_WARN_UNGUARDED_AVAILABILITY = YES_AGGRESSIVE;
				CLANG_WARN_UNREACHABLE_CODE = YES;
				CLANG_WARN__DUPLICATE_METHOD_MATCH = YES;
				COPY_PHASE_STRIP = NO;
				DEBUG_INFORMATION_FORMAT = dwarf;
				ENABLE_STRICT_OBJC_MSGSEND = YES;
				ENABLE_TESTABILITY = YES;
				GCC_C_LANGUAGE_STANDARD = gnu11;
				GCC_DYNAMIC_NO_PIC = NO;
				GCC_NO_COMMON_BLOCKS = YES;
				GCC_OPTIMIZATION_LEVEL = 0;
				GCC_PREPROCESSOR_DEFINITIONS = (
					"$(inherited)",
					"DEBUG=1",
				);
				GCC_WARN_64_TO_32_BIT_CONVERSION = YES;
				GCC_WARN_ABOUT_RETURN_TYPE = YES_ERROR;
				GCC_WARN_UNDECLARED_SELECTOR = YES;
				GCC_WARN_UNINITIALIZED_AUTOS = YES_AGGRESSIVE;
				GCC_WARN_UNUSED_FUNCTION = YES;
				GCC_WARN_UNUSED_VARIABLE = YES;
				MACOSX_DEPLOYMENT_TARGET = 15.0;
				MTL_ENABLE_DEBUG_INFO = INCLUDE_SOURCE;
				MTL_FAST_MATH = YES;
				ONLY_ACTIVE_ARCH = YES;
				PRODUCT_NAME = "$(TARGET_NAME)";
				SDKROOT = macosx;
				SWIFT_ACTIVE_COMPILATION_CONDITIONS = DEBUG;
				SWIFT_OPTIMIZATION_LEVEL = "-Onone";
				SWIFT_VERSION = 5;
			};
			name = Debug;
		};
		F5B4D9A9B946A81153C23E0A /* Debug */ = {
			isa = XCBuildConfiguration;
			buildSettings = {
				ASSETCATALOG_COMPILER_APPICON_NAME = AppIcon;
				CODE_SIGN_ENTITLEMENTS = Xyzterminal/Xyzterminal.entitlements;
				CODE_SIGN_IDENTITY = "-";
				COMBINE_HIDPI_IMAGES = YES;
				ENABLE_APP_SANDBOX = NO;
				ENABLE_HARDENED_RUNTIME = NO;
				INFOPLIST_FILE = Xyzterminal/Info.plist;
				LD_RUNPATH_SEARCH_PATHS = (
					"$(inherited)",
					"@executable_path/../Frameworks",
				);
				PRODUCT_BUNDLE_IDENTIFIER = com.xyzterminal.app;
				SDKROOT = macosx;
				SWIFT_OBJC_BRIDGING_HEADER = "Xyzterminal/Xyzterminal-Bridging-Header.h";
			};
			name = Debug;
		};
/* End XCBuildConfiguration section */

/* Begin XCConfigurationList section */
		6C1B22CC8F0647C0C40868E7 /* Build configuration list for PBXProject "Xyzterminal" */ = {
			isa = XCConfigurationList;
			buildConfigurations = (
				EE29BF33302BB9978C73F919 /* Debug */,
				E8ECCD84D884B7C8EA4BB935 /* Release */,
			);
			defaultConfigurationIsVisible = 0;
			defaultConfigurationName = Debug;
		};
		776BE271F72213BF2169B31B /* Build configuration list for PBXNativeTarget "Xyzterminal" */ = {
			isa = XCConfigurationList;
			buildConfigurations = (
				F5B4D9A9B946A81153C23E0A /* Debug */,
				C572F7B38AB7601E006ECB04 /* Release */,
			);
			defaultConfigurationIsVisible = 0;
			defaultConfigurationName = Debug;
		};
/* End XCConfigurationList section */

/* Begin XCRemoteSwiftPackageReference section */
		2CBDD41CF71F5A2E8B2F48D0 /* XCRemoteSwiftPackageReference "SwiftTerm" */ = {
			isa = XCRemoteSwiftPackageReference;
			repositoryURL = "https://github.com/migueldeicaza/SwiftTerm";
			requirement = {
				branch = main;
				kind = branch;
			};
		};
/* End XCRemoteSwiftPackageReference section */

/* Begin XCSwiftPackageProductDependency section */
		731627EE2D7DF61DFD02ADDE /* SwiftTerm */ = {
			isa = XCSwiftPackageProductDependency;
			package = 2CBDD41CF71F5A2E8B2F48D0 /* XCRemoteSwiftPackageReference "SwiftTerm" */;
			productName = SwiftTerm;
		};
/* End XCSwiftPackageProductDependency section */
	};
	rootObject = BDC44AF5F666DF39E725C2B2 /* Project object */;
}
